github.com/protolambda/mustbe v0.1.3 h1:zvKI5u2owOe2CXL5fe84cUYu8OxE0tRvCMq87Rguv/M=
github.com/protolambda/mustbe v0.1.3/go.mod h1:bW7zrh++JAgF+bLlvUXayXm7guNTH8uLL9DhIebKT6o=
github.com/protolambda/proto-log v0.2.1 h1:4zXvMrpaMlTi4ks60y/48Iyr9aeXBOJP8mdAueob0wM=
github.com/protolambda/proto-log v0.2.1/go.mod h1:LQGsuafwhnC/7y1hasZcXTDb5qJ/kQjZLilpJmwU0Rs=
