github.com/protolambda/mustbe v0.1.1 h1:kaQc982YATmSf5AUjLyQFxsM51dJG9Os9cFKnVrxJ/U=
github.com/protolambda/mustbe v0.1.1/go.mod h1:bW7zrh++JAgF+bLlvUXayXm7guNTH8uLL9DhIebKT6o=
github.com/protolambda/proto-log v0.2.0 h1:D2xzIZ3uGIvQDcNGpFLILj9/m2YENOmuZxwCiZu7hXg=
github.com/protolambda/proto-log v0.2.0/go.mod h1:LQGsuafwhnC/7y1hasZcXTDb5qJ/kQjZLilpJmwU0Rs=
